PODS:
  - AFNetworking (1.3.4)
  - AFOAuth1Client (0.3.3):
    - AFNetworking (~> 1.3)
  - Bolts (1.1.0)
  - Canvas (0.1.1)
  - Facebook-iOS-SDK (3.14.0):
    - Bolts
  - JSONKit (1.5pre)

DEPENDENCIES:
  - AFNetworking (~> 1.3.1)
  - AFOAuth1Client
  - Canvas (~> 0.1)
  - Facebook-iOS-SDK
  - JSONKit

SPEC CHECKSUMS:
  AFNetworking: e403d4333a4e1956cb3fe42364c3c879f820c9a0
  AFOAuth1Client: 8b06e54087732068e19c4efcd7bed5d74bc9538a
  Bolts: dc620a31cf67c29bce3e3d14a07a12e797a1a154
  Canvas: f1911025fc9ec9c7339df6e4399c90c87ce6b631
  Facebook-iOS-SDK: 63e19ff8d275d63b765819f492a4e71e445f9822
  JSONKit: b1f52f3f522b8602307769511d4fb47c6f856159

COCOAPODS: 0.32.1
